
Microsoft Visual Studio Solution File, Format Version 12.00
# Visual Studio Version 17
VisualStudioVersion = 17.8.34330.188
MinimumVisualStudioVersion = 10.0.40219.1
Project("{2150E333-8FDC-42A3-9474-1A3956D46DE8}") = ".nuget", ".nuget", "{2202B611-510E-4850-B08B-350D7723E36A}"
	ProjectSection(SolutionItems) = preProject
		.nuget\NuGet.Config = .nuget\NuGet.Config
		.nuget\NuGet.exe = .nuget\NuGet.exe
		.nuget\NuGet.targets = .nuget\NuGet.targets
	EndProjectSection
EndProject
Project("{2150E333-8FDC-42A3-9474-1A3956D46DE8}") = "Tests", "Tests", "{4C9F5F56-DC0A-4090-BAA4-C935880C9762}"
EndProject
Project("{9A19103F-16F7-4668-BE54-9A1E7A4F7556}") = "Bumblebee", "Bumblebee\Bumblebee.csproj", "{9F623672-6DEE-49FD-8B07-74F8BB6AE19A}"
EndProject
Project("{9A19103F-16F7-4668-BE54-9A1E7A4F7556}") = "Bumblebee.IntegrationTests", "Bumblebee.IntegrationTests\Bumblebee.IntegrationTests.csproj", "{5D21FF89-986F-45C1-B9D8-88951DB12447}"
EndProject
Global
	GlobalSection(SolutionConfigurationPlatforms) = preSolution
		Debug|Any CPU = Debug|Any CPU
		Release|Any CPU = Release|Any CPU
	EndGlobalSection
	GlobalSection(ProjectConfigurationPlatforms) = postSolution
		{9F623672-6DEE-49FD-8B07-74F8BB6AE19A}.Debug|Any CPU.ActiveCfg = Debug|Any CPU
		{9F623672-6DEE-49FD-8B07-74F8BB6AE19A}.Debug|Any CPU.Build.0 = Debug|Any CPU
		{9F623672-6DEE-49FD-8B07-74F8BB6AE19A}.Release|Any CPU.ActiveCfg = Release|Any CPU
		{9F623672-6DEE-49FD-8B07-74F8BB6AE19A}.Release|Any CPU.Build.0 = Release|Any CPU
		{5D21FF89-986F-45C1-B9D8-88951DB12447}.Debug|Any CPU.ActiveCfg = Debug|Any CPU
		{5D21FF89-986F-45C1-B9D8-88951DB12447}.Debug|Any CPU.Build.0 = Debug|Any CPU
		{5D21FF89-986F-45C1-B9D8-88951DB12447}.Release|Any CPU.ActiveCfg = Release|Any CPU
		{5D21FF89-986F-45C1-B9D8-88951DB12447}.Release|Any CPU.Build.0 = Release|Any CPU
	EndGlobalSection
	GlobalSection(SolutionProperties) = preSolution
		HideSolutionNode = FALSE
	EndGlobalSection
	GlobalSection(NestedProjects) = preSolution
		{5D21FF89-986F-45C1-B9D8-88951DB12447} = {4C9F5F56-DC0A-4090-BAA4-C935880C9762}
	EndGlobalSection
	GlobalSection(ExtensibilityGlobals) = postSolution
		SolutionGuid = {25209741-273B-4F3A-8E11-F023FCF13F1B}
	EndGlobalSection
EndGlobal
