
Microsoft Visual Studio Solution File, Format Version 12.00
# Visual Studio 2013
VisualStudioVersion = 12.0.31101.0
MinimumVisualStudioVersion = 10.0.40219.1
Project("{FAE04EC0-301F-11D3-BF4B-00C04F79EFBC}") = "Bumblebee", "Bumblebee\Bumblebee.csproj", "{690961A6-7130-4AFB-AE14-51D18DC6B223}"
EndProject
Project("{FAE04EC0-301F-11D3-BF4B-00C04F79EFBC}") = "Bumblebee.IntegrationTests", "Bumblebee.IntegrationTests\Bumblebee.IntegrationTests.csproj", "{5B2C5CD0-1C34-433C-9100-59E50DC4DE1F}"
EndProject
Project("{2150E333-8FDC-42A3-9474-1A3956D46DE8}") = ".nuget", ".nuget", "{2202B611-510E-4850-B08B-350D7723E36A}"
	ProjectSection(SolutionItems) = preProject
		.nuget\NuGet.Config = .nuget\NuGet.Config
		.nuget\NuGet.exe = .nuget\NuGet.exe
		.nuget\NuGet.targets = .nuget\NuGet.targets
	EndProjectSection
EndProject
Project("{2150E333-8FDC-42A3-9474-1A3956D46DE8}") = "Tests", "Tests", "{4C9F5F56-DC0A-4090-BAA4-C935880C9762}"
EndProject
Global
	GlobalSection(SolutionConfigurationPlatforms) = preSolution
		Debug|Any CPU = Debug|Any CPU
		Release|Any CPU = Release|Any CPU
	EndGlobalSection
	GlobalSection(ProjectConfigurationPlatforms) = postSolution
		{690961A6-7130-4AFB-AE14-51D18DC6B223}.Debug|Any CPU.ActiveCfg = Debug|Any CPU
		{690961A6-7130-4AFB-AE14-51D18DC6B223}.Debug|Any CPU.Build.0 = Debug|Any CPU
		{690961A6-7130-4AFB-AE14-51D18DC6B223}.Release|Any CPU.ActiveCfg = Release|Any CPU
		{690961A6-7130-4AFB-AE14-51D18DC6B223}.Release|Any CPU.Build.0 = Release|Any CPU
		{5B2C5CD0-1C34-433C-9100-59E50DC4DE1F}.Debug|Any CPU.ActiveCfg = Debug|Any CPU
		{5B2C5CD0-1C34-433C-9100-59E50DC4DE1F}.Debug|Any CPU.Build.0 = Debug|Any CPU
		{5B2C5CD0-1C34-433C-9100-59E50DC4DE1F}.Release|Any CPU.ActiveCfg = Release|Any CPU
		{5B2C5CD0-1C34-433C-9100-59E50DC4DE1F}.Release|Any CPU.Build.0 = Release|Any CPU
	EndGlobalSection
	GlobalSection(SolutionProperties) = preSolution
		HideSolutionNode = FALSE
	EndGlobalSection
	GlobalSection(NestedProjects) = preSolution
		{5B2C5CD0-1C34-433C-9100-59E50DC4DE1F} = {4C9F5F56-DC0A-4090-BAA4-C935880C9762}
	EndGlobalSection
EndGlobal
